
Microsoft Visual Studio Solution File, Format Version 12.00
# Visual Studio Version 17
VisualStudioVersion = 17.2.32526.322
MinimumVisualStudioVersion = 10.0.40219.1
Project("{FAE04EC0-301F-11D3-BF4B-00C04F79EFBC}") = "VideoLibraryMVC", "VideoLibraryMVC\VideoLibraryMVC.csproj", "{A6939758-5296-4A2A-9D9E-15DF0D7EE90D}"
EndProject
Global
	GlobalSection(SolutionConfigurationPlatforms) = preSolution
		Debug|Any CPU = Debug|Any CPU
		Release|Any CPU = Release|Any CPU
	EndGlobalSection
	GlobalSection(ProjectConfigurationPlatforms) = postSolution
		{A6939758-5296-4A2A-9D9E-15DF0D7EE90D}.Debug|Any CPU.ActiveCfg = Debug|Any CPU
		{A6939758-5296-4A2A-9D9E-15DF0D7EE90D}.Debug|Any CPU.Build.0 = Debug|Any CPU
		{A6939758-5296-4A2A-9D9E-15DF0D7EE90D}.Release|Any CPU.ActiveCfg = Release|Any CPU
		{A6939758-5296-4A2A-9D9E-15DF0D7EE90D}.Release|Any CPU.Build.0 = Release|Any CPU
	EndGlobalSection
	GlobalSection(SolutionProperties) = preSolution
		HideSolutionNode = FALSE
	EndGlobalSection
	GlobalSection(ExtensibilityGlobals) = postSolution
		SolutionGuid = {E4563753-AE16-48F7-8EAB-2727911D2AAA}
	EndGlobalSection
EndGlobal
